PODS:
  - Clarity (3.0.0)
  - Flutter (1.0.0)
  - integration_test (0.0.1):
    - Flutter
  - microsoft_clarity_plugin (0.0.1):
    - Clarity
    - Flutter

DEPENDENCIES:
  - Flutter (from `Flutter`)
  - integration_test (from `.symlinks/plugins/integration_test/ios`)
  - microsoft_clarity_plugin (from `.symlinks/plugins/microsoft_clarity_plugin/ios`)

SPEC REPOS:
  trunk:
    - Clarity

EXTERNAL SOURCES:
  Flutter:
    :path: Flutter
  integration_test:
    :path: ".symlinks/plugins/integration_test/ios"
  microsoft_clarity_plugin:
    :path: ".symlinks/plugins/microsoft_clarity_plugin/ios"

SPEC CHECKSUMS:
  Clarity: c887dc5de9a4187d513d62317f95678cbc610dd8
  Flutter: e0871f40cf51350855a761d2e70bf5af5b9b5de7
  integration_test: 252f60fa39af5e17c3aa9899d35d908a0721b573
  microsoft_clarity_plugin: 8fd9173e1506751bf6381fc8b4bc1cb2565280e1

PODFILE CHECKSUM: ad9642c61db90c633d272b9059a6d65ea9123323

COCOAPODS: 1.15.2
