{
  "originHash" : "819f295014c72d579432a14885155f319a27f147aa3875e1ac8fb6253eb37bb3",
  "pins" : [
    {
      "identity" : "clarity-apps",
      "kind" : "remoteSourceControl",
      "location" : "https://github.com/microsoft/clarity-apps",
      "state" : {
        "revision" : "a3c3abcd5c31f7738ffd281bb1ca061d19d8c3c2",
        "version" : "2.1.2"
      }
    }
  ],
  "version" : 3
}
